// !$*UTF8*$!
{
	archiveVersion = 1;
	classes = {
	};
	objectVersion = 46;
	objects = {

/* Begin PBXBuildFile section */
		DF6771101A8B03BF007433C0 /* main.m in Sources */ = {isa = PBXBuildFile; fileRef = DF67710F1A8B03BF007433C0 /* main.m */; };
		DF6771131A8B03BF007433C0 /* MTAppDelegate.m in Sources */ = {isa = PBXBuildFile; fileRef = DF6771121A8B03BF007433C0 /* MTAppDelegate.m */; };
		DF67711B1A8B03BF007433C0 /* Images.xcassets in Resources */ = {isa = PBXBuildFile; fileRef = DF67711A1A8B03BF007433C0 /* Images.xcassets */; };
		DF67712A1A8B03BF007433C0 /* MTransitTests.m in Sources */ = {isa = PBXBuildFile; fileRef = DF6771291A8B03BF007433C0 /* MTransitTests.m */; };
		DF6771341A8B0400007433C0 /* MTransit.storyboard in Resources */ = {isa = PBXBuildFile; fileRef = DF6771331A8B0400007433C0 /* MTransit.storyboard */; };
		DF6771371A8B041D007433C0 /* MTViewController.m in Sources */ = {isa = PBXBuildFile; fileRef = DF6771361A8B041D007433C0 /* MTViewController.m */; };
		DF6771391A8B1F2E007433C0 /* MapKit.framework in Frameworks */ = {isa = PBXBuildFile; fileRef = DF6771381A8B1F2E007433C0 /* MapKit.framework */; };
		DFD014B11A8D920700A7B32B /* MTFetchTrains.m in Sources */ = {isa = PBXBuildFile; fileRef = DFD014B01A8D920700A7B32B /* MTFetchTrains.m */; };
		DFF566471A8E776100149B74 /* MTHub.m in Sources */ = {isa = PBXBuildFile; fileRef = DFF566461A8E776100149B74 /* MTHub.m */; };
		DFF5664A1A8E777400149B74 /* MTSpoke.m in Sources */ = {isa = PBXBuildFile; fileRef = DFF566491A8E777400149B74 /* MTSpoke.m */; };
/* End PBXBuildFile section */

/* Begin PBXContainerItemProxy section */
		DF6771241A8B03BF007433C0 /* PBXContainerItemProxy */ = {
			isa = PBXContainerItemProxy;
			containerPortal = DF6771021A8B03BF007433C0 /* Project object */;
			proxyType = 1;
			remoteGlobalIDString = DF6771091A8B03BF007433C0;
			remoteInfo = MTransit;
		};
/* End PBXContainerItemProxy section */

/* Begin PBXFileReference section */
		DF67710A1A8B03BF007433C0 /* MTransit.app */ = {isa = PBXFileReference; explicitFileType = wrapper.application; includeInIndex = 0; path = MTransit.app; sourceTree = BUILT_PRODUCTS_DIR; };
		DF67710E1A8B03BF007433C0 /* Info.plist */ = {isa = PBXFileReference; lastKnownFileType = text.plist.xml; path = Info.plist; sourceTree = "<group>"; };
		DF67710F1A8B03BF007433C0 /* main.m */ = {isa = PBXFileReference; lastKnownFileType = sourcecode.c.objc; path = main.m; sourceTree = "<group>"; };
		DF6771111A8B03BF007433C0 /* MTAppDelegate.h */ = {isa = PBXFileReference; lastKnownFileType = sourcecode.c.h; path = MTAppDelegate.h; sourceTree = "<group>"; };
		DF6771121A8B03BF007433C0 /* MTAppDelegate.m */ = {isa = PBXFileReference; lastKnownFileType = sourcecode.c.objc; path = MTAppDelegate.m; sourceTree = "<group>"; };
		DF67711A1A8B03BF007433C0 /* Images.xcassets */ = {isa = PBXFileReference; lastKnownFileType = folder.assetcatalog; path = Images.xcassets; sourceTree = "<group>"; };
		DF6771231A8B03BF007433C0 /* MTransitTests.xctest */ = {isa = PBXFileReference; explicitFileType = wrapper.cfbundle; includeInIndex = 0; path = MTransitTests.xctest; sourceTree = BUILT_PRODUCTS_DIR; };
		DF6771281A8B03BF007433C0 /* Info.plist */ = {isa = PBXFileReference; lastKnownFileType = text.plist.xml; path = Info.plist; sourceTree = "<group>"; };
		DF6771291A8B03BF007433C0 /* MTransitTests.m */ = {isa = PBXFileReference; lastKnownFileType = sourcecode.c.objc; path = MTransitTests.m; sourceTree = "<group>"; };
		DF6771331A8B0400007433C0 /* MTransit.storyboard */ = {isa = PBXFileReference; fileEncoding = 4; lastKnownFileType = file.storyboard; path = MTransit.storyboard; sourceTree = "<group>"; };
		DF6771351A8B041D007433C0 /* MTViewController.h */ = {isa = PBXFileReference; fileEncoding = 4; lastKnownFileType = sourcecode.c.h; path = MTViewController.h; sourceTree = "<group>"; };
		DF6771361A8B041D007433C0 /* MTViewController.m */ = {isa = PBXFileReference; fileEncoding = 4; lastKnownFileType = sourcecode.c.objc; path = MTViewController.m; sourceTree = "<group>"; };
		DF6771381A8B1F2E007433C0 /* MapKit.framework */ = {isa = PBXFileReference; lastKnownFileType = wrapper.framework; name = MapKit.framework; path = System/Library/Frameworks/MapKit.framework; sourceTree = SDKROOT; };
		DFD014AF1A8D920700A7B32B /* MTFetchTrains.h */ = {isa = PBXFileReference; fileEncoding = 4; lastKnownFileType = sourcecode.c.h; path = MTFetchTrains.h; sourceTree = "<group>"; };
		DFD014B01A8D920700A7B32B /* MTFetchTrains.m */ = {isa = PBXFileReference; fileEncoding = 4; lastKnownFileType = sourcecode.c.objc; path = MTFetchTrains.m; sourceTree = "<group>"; };
		DFF566451A8E776100149B74 /* MTHub.h */ = {isa = PBXFileReference; fileEncoding = 4; lastKnownFileType = sourcecode.c.h; path = MTHub.h; sourceTree = "<group>"; };
		DFF566461A8E776100149B74 /* MTHub.m */ = {isa = PBXFileReference; fileEncoding = 4; lastKnownFileType = sourcecode.c.objc; path = MTHub.m; sourceTree = "<group>"; };
		DFF566481A8E777400149B74 /* MTSpoke.h */ = {isa = PBXFileReference; fileEncoding = 4; lastKnownFileType = sourcecode.c.h; path = MTSpoke.h; sourceTree = "<group>"; };
		DFF566491A8E777400149B74 /* MTSpoke.m */ = {isa = PBXFileReference; fileEncoding = 4; lastKnownFileType = sourcecode.c.objc; path = MTSpoke.m; sourceTree = "<group>"; };
/* End PBXFileReference section */

/* Begin PBXFrameworksBuildPhase section */
		DF6771071A8B03BF007433C0 /* Frameworks */ = {
			isa = PBXFrameworksBuildPhase;
			buildActionMask = 2147483647;
			files = (
				DF6771391A8B1F2E007433C0 /* MapKit.framework in Frameworks */,
			);
			runOnlyForDeploymentPostprocessing = 0;
		};
		DF6771201A8B03BF007433C0 /* Frameworks */ = {
			isa = PBXFrameworksBuildPhase;
			buildActionMask = 2147483647;
			files = (
			);
			runOnlyForDeploymentPostprocessing = 0;
		};
/* End PBXFrameworksBuildPhase section */

/* Begin PBXGroup section */
		DF6771011A8B03BF007433C0 = {
			isa = PBXGroup;
			children = (
				DF6771381A8B1F2E007433C0 /* MapKit.framework */,
				DF67710C1A8B03BF007433C0 /* MTransit */,
				DF6771261A8B03BF007433C0 /* MTransitTests */,
				DF67710B1A8B03BF007433C0 /* Products */,
			);
			sourceTree = "<group>";
		};
		DF67710B1A8B03BF007433C0 /* Products */ = {
			isa = PBXGroup;
			children = (
				DF67710A1A8B03BF007433C0 /* MTransit.app */,
				DF6771231A8B03BF007433C0 /* MTransitTests.xctest */,
			);
			name = Products;
			sourceTree = "<group>";
		};
		DF67710C1A8B03BF007433C0 /* MTransit */ = {
			isa = PBXGroup;
			children = (
				DF6771111A8B03BF007433C0 /* MTAppDelegate.h */,
				DF6771121A8B03BF007433C0 /* MTAppDelegate.m */,
				DF67711A1A8B03BF007433C0 /* Images.xcassets */,
				DF67710D1A8B03BF007433C0 /* Supporting Files */,
				DF6771331A8B0400007433C0 /* MTransit.storyboard */,
				DF6771351A8B041D007433C0 /* MTViewController.h */,
				DF6771361A8B041D007433C0 /* MTViewController.m */,
				DFD014AF1A8D920700A7B32B /* MTFetchTrains.h */,
				DFD014B01A8D920700A7B32B /* MTFetchTrains.m */,
				DFF566451A8E776100149B74 /* MTHub.h */,
				DFF566461A8E776100149B74 /* MTHub.m */,
				DFF566481A8E777400149B74 /* MTSpoke.h */,
				DFF566491A8E777400149B74 /* MTSpoke.m */,
			);
			path = MTransit;
			sourceTree = "<group>";
		};
		DF67710D1A8B03BF007433C0 /* Supporting Files */ = {
			isa = PBXGroup;
			children = (
				DF67710E1A8B03BF007433C0 /* Info.plist */,
				DF67710F1A8B03BF007433C0 /* main.m */,
			);
			name = "Supporting Files";
			sourceTree = "<group>";
		};
		DF6771261A8B03BF007433C0 /* MTransitTests */ = {
			isa = PBXGroup;
			children = (
				DF6771291A8B03BF007433C0 /* MTransitTests.m */,
				DF6771271A8B03BF007433C0 /* Supporting Files */,
			);
			path = MTransitTests;
			sourceTree = "<group>";
		};
		DF6771271A8B03BF007433C0 /* Supporting Files */ = {
			isa = PBXGroup;
			children = (
				DF6771281A8B03BF007433C0 /* Info.plist */,
			);
			name = "Supporting Files";
			sourceTree = "<group>";
		};
/* End PBXGroup section */

/* Begin PBXNativeTarget section */
		DF6771091A8B03BF007433C0 /* MTransit */ = {
			isa = PBXNativeTarget;
			buildConfigurationList = DF67712D1A8B03BF007433C0 /* Build configuration list for PBXNativeTarget "MTransit" */;
			buildPhases = (
				DF6771061A8B03BF007433C0 /* Sources */,
				DF6771071A8B03BF007433C0 /* Frameworks */,
				DF6771081A8B03BF007433C0 /* Resources */,
			);
			buildRules = (
			);
			dependencies = (
			);
			name = MTransit;
			productName = MTransit;
			productReference = DF67710A1A8B03BF007433C0 /* MTransit.app */;
			productType = "com.apple.product-type.application";
		};
		DF6771221A8B03BF007433C0 /* MTransitTests */ = {
			isa = PBXNativeTarget;
			buildConfigurationList = DF6771301A8B03BF007433C0 /* Build configuration list for PBXNativeTarget "MTransitTests" */;
			buildPhases = (
				DF67711F1A8B03BF007433C0 /* Sources */,
				DF6771201A8B03BF007433C0 /* Frameworks */,
				DF6771211A8B03BF007433C0 /* Resources */,
			);
			buildRules = (
			);
			dependencies = (
				DF6771251A8B03BF007433C0 /* PBXTargetDependency */,
			);
			name = MTransitTests;
			productName = MTransitTests;
			productReference = DF6771231A8B03BF007433C0 /* MTransitTests.xctest */;
			productType = "com.apple.product-type.bundle.unit-test";
		};
/* End PBXNativeTarget section */

/* Begin PBXProject section */
		DF6771021A8B03BF007433C0 /* Project object */ = {
			isa = PBXProject;
			attributes = {
				LastUpgradeCheck = 0610;
				ORGANIZATIONNAME = "Kelly Innes";
				TargetAttributes = {
					DF6771091A8B03BF007433C0 = {
						CreatedOnToolsVersion = 6.1.1;
					};
					DF6771221A8B03BF007433C0 = {
						CreatedOnToolsVersion = 6.1.1;
						TestTargetID = DF6771091A8B03BF007433C0;
					};
				};
			};
			buildConfigurationList = DF6771051A8B03BF007433C0 /* Build configuration list for PBXProject "MTransit" */;
			compatibilityVersion = "Xcode 3.2";
			developmentRegion = English;
			hasScannedForEncodings = 0;
			knownRegions = (
				en,
				Base,
			);
			mainGroup = DF6771011A8B03BF007433C0;
			productRefGroup = DF67710B1A8B03BF007433C0 /* Products */;
			projectDirPath = "";
			projectRoot = "";
			targets = (
				DF6771091A8B03BF007433C0 /* MTransit */,
				DF6771221A8B03BF007433C0 /* MTransitTests */,
			);
		};
/* End PBXProject section */

/* Begin PBXResourcesBuildPhase section */
		DF6771081A8B03BF007433C0 /* Resources */ = {
			isa = PBXResourcesBuildPhase;
			buildActionMask = 2147483647;
			files = (
				DF6771341A8B0400007433C0 /* MTransit.storyboard in Resources */,
				DF67711B1A8B03BF007433C0 /* Images.xcassets in Resources */,
			);
			runOnlyForDeploymentPostprocessing = 0;
		};
		DF6771211A8B03BF007433C0 /* Resources */ = {
			isa = PBXResourcesBuildPhase;
			buildActionMask = 2147483647;
			files = (
			);
			runOnlyForDeploymentPostprocessing = 0;
		};
/* End PBXResourcesBuildPhase section */

/* Begin PBXSourcesBuildPhase section */
		DF6771061A8B03BF007433C0 /* Sources */ = {
			isa = PBXSourcesBuildPhase;
			buildActionMask = 2147483647;
			files = (
				DF6771131A8B03BF007433C0 /* MTAppDelegate.m in Sources */,
				DF6771371A8B041D007433C0 /* MTViewController.m in Sources */,
				DF6771101A8B03BF007433C0 /* main.m in Sources */,
				DFF5664A1A8E777400149B74 /* MTSpoke.m in Sources */,
				DFF566471A8E776100149B74 /* MTHub.m in Sources */,
				DFD014B11A8D920700A7B32B /* MTFetchTrains.m in Sources */,
			);
			runOnlyForDeploymentPostprocessing = 0;
		};
		DF67711F1A8B03BF007433C0 /* Sources */ = {
			isa = PBXSourcesBuildPhase;
			buildActionMask = 2147483647;
			files = (
				DF67712A1A8B03BF007433C0 /* MTransitTests.m in Sources */,
			);
			runOnlyForDeploymentPostprocessing = 0;
		};
/* End PBXSourcesBuildPhase section */

/* Begin PBXTargetDependency section */
		DF6771251A8B03BF007433C0 /* PBXTargetDependency */ = {
			isa = PBXTargetDependency;
			target = DF6771091A8B03BF007433C0 /* MTransit */;
			targetProxy = DF6771241A8B03BF007433C0 /* PBXContainerItemProxy */;
		};
/* End PBXTargetDependency section */

/* Begin XCBuildConfiguration section */
		DF67712B1A8B03BF007433C0 /* Debug */ = {
			isa = XCBuildConfiguration;
			buildSettings = {
				ALWAYS_SEARCH_USER_PATHS = NO;
				CLANG_CXX_LANGUAGE_STANDARD = "gnu++0x";
				CLANG_CXX_LIBRARY = "libc++";
				CLANG_ENABLE_MODULES = YES;
				CLANG_ENABLE_OBJC_ARC = YES;
				CLANG_WARN_BOOL_CONVERSION = YES;
				CLANG_WARN_CONSTANT_CONVERSION = YES;
				CLANG_WARN_DIRECT_OBJC_ISA_USAGE = YES_ERROR;
				CLANG_WARN_EMPTY_BODY = YES;
				CLANG_WARN_ENUM_CONVERSION = YES;
				CLANG_WARN_INT_CONVERSION = YES;
				CLANG_WARN_OBJC_ROOT_CLASS = YES_ERROR;
				CLANG_WARN_UNREACHABLE_CODE = YES;
				CLANG_WARN__DUPLICATE_METHOD_MATCH = YES;
				"CODE_SIGN_IDENTITY[sdk=iphoneos*]" = "iPhone Developer";
				COPY_PHASE_STRIP = NO;
				ENABLE_STRICT_OBJC_MSGSEND = YES;
				GCC_C_LANGUAGE_STANDARD = gnu99;
				GCC_DYNAMIC_NO_PIC = NO;
				GCC_OPTIMIZATION_LEVEL = 0;
				GCC_PREPROCESSOR_DEFINITIONS = (
					"DEBUG=1",
					"$(inherited)",
				);
				GCC_SYMBOLS_PRIVATE_EXTERN = NO;
				GCC_WARN_64_TO_32_BIT_CONVERSION = YES;
				GCC_WARN_ABOUT_RETURN_TYPE = YES_ERROR;
				GCC_WARN_UNDECLARED_SELECTOR = YES;
				GCC_WARN_UNINITIALIZED_AUTOS = YES_AGGRESSIVE;
				GCC_WARN_UNUSED_FUNCTION = YES;
				GCC_WARN_UNUSED_VARIABLE = YES;
				IPHONEOS_DEPLOYMENT_TARGET = 8.1;
				MTL_ENABLE_DEBUG_INFO = YES;
				ONLY_ACTIVE_ARCH = YES;
				SDKROOT = iphoneos;
			};
			name = Debug;
		};
		DF67712C1A8B03BF007433C0 /* Release */ = {
			isa = XCBuildConfiguration;
			buildSettings = {
				ALWAYS_SEARCH_USER_PATHS = NO;
				CLANG_CXX_LANGUAGE_STANDARD = "gnu++0x";
				CLANG_CXX_LIBRARY = "libc++";
				CLANG_ENABLE_MODULES = YES;
				CLANG_ENABLE_OBJC_ARC = YES;
				CLANG_WARN_BOOL_CONVERSION = YES;
				CLANG_WARN_CONSTANT_CONVERSION = YES;
				CLANG_WARN_DIRECT_OBJC_ISA_USAGE = YES_ERROR;
				CLANG_WARN_EMPTY_BODY = YES;
				CLANG_WARN_ENUM_CONVERSION = YES;
				CLANG_WARN_INT_CONVERSION = YES;
				CLANG_WARN_OBJC_ROOT_CLASS = YES_ERROR;
				CLANG_WARN_UNREACHABLE_CODE = YES;
				CLANG_WARN__DUPLICATE_METHOD_MATCH = YES;
				"CODE_SIGN_IDENTITY[sdk=iphoneos*]" = "iPhone Developer";
				COPY_PHASE_STRIP = YES;
				ENABLE_NS_ASSERTIONS = NO;
				ENABLE_STRICT_OBJC_MSGSEND = YES;
				GCC_C_LANGUAGE_STANDARD = gnu99;
				GCC_WARN_64_TO_32_BIT_CONVERSION = YES;
				GCC_WARN_ABOUT_RETURN_TYPE = YES_ERROR;
				GCC_WARN_UNDECLARED_SELECTOR = YES;
				GCC_WARN_UNINITIALIZED_AUTOS = YES_AGGRESSIVE;
				GCC_WARN_UNUSED_FUNCTION = YES;
				GCC_WARN_UNUSED_VARIABLE = YES;
				IPHONEOS_DEPLOYMENT_TARGET = 8.1;
				MTL_ENABLE_DEBUG_INFO = NO;
				SDKROOT = iphoneos;
				VALIDATE_PRODUCT = YES;
			};
			name = Release;
		};
		DF67712E1A8B03BF007433C0 /* Debug */ = {
			isa = XCBuildConfiguration;
			buildSettings = {
				ASSETCATALOG_COMPILER_APPICON_NAME = AppIcon;
				INFOPLIST_FILE = MTransit/Info.plist;
				LD_RUNPATH_SEARCH_PATHS = "$(inherited) @executable_path/Frameworks";
				PRODUCT_NAME = "$(TARGET_NAME)";
			};
			name = Debug;
		};
		DF67712F1A8B03BF007433C0 /* Release */ = {
			isa = XCBuildConfiguration;
			buildSettings = {
				ASSETCATALOG_COMPILER_APPICON_NAME = AppIcon;
				INFOPLIST_FILE = MTransit/Info.plist;
				LD_RUNPATH_SEARCH_PATHS = "$(inherited) @executable_path/Frameworks";
				PRODUCT_NAME = "$(TARGET_NAME)";
			};
			name = Release;
		};
		DF6771311A8B03BF007433C0 /* Debug */ = {
			isa = XCBuildConfiguration;
			buildSettings = {
				BUNDLE_LOADER = "$(TEST_HOST)";
				FRAMEWORK_SEARCH_PATHS = (
					"$(SDKROOT)/Developer/Library/Frameworks",
					"$(inherited)",
				);
				GCC_PREPROCESSOR_DEFINITIONS = (
					"DEBUG=1",
					"$(inherited)",
				);
				INFOPLIST_FILE = MTransitTests/Info.plist;
				LD_RUNPATH_SEARCH_PATHS = "$(inherited) @executable_path/Frameworks @loader_path/Frameworks";
				PRODUCT_NAME = "$(TARGET_NAME)";
				TEST_HOST = "$(BUILT_PRODUCTS_DIR)/MTransit.app/MTransit";
			};
			name = Debug;
		};
		DF6771321A8B03BF007433C0 /* Release */ = {
			isa = XCBuildConfiguration;
			buildSettings = {
				BUNDLE_LOADER = "$(TEST_HOST)";
				FRAMEWORK_SEARCH_PATHS = (
					"$(SDKROOT)/Developer/Library/Frameworks",
					"$(inherited)",
				);
				INFOPLIST_FILE = MTransitTests/Info.plist;
				LD_RUNPATH_SEARCH_PATHS = "$(inherited) @executable_path/Frameworks @loader_path/Frameworks";
				PRODUCT_NAME = "$(TARGET_NAME)";
				TEST_HOST = "$(BUILT_PRODUCTS_DIR)/MTransit.app/MTransit";
			};
			name = Release;
		};
/* End XCBuildConfiguration section */

/* Begin XCConfigurationList section */
		DF6771051A8B03BF007433C0 /* Build configuration list for PBXProject "MTransit" */ = {
			isa = XCConfigurationList;
			buildConfigurations = (
				DF67712B1A8B03BF007433C0 /* Debug */,
				DF67712C1A8B03BF007433C0 /* Release */,
			);
			defaultConfigurationIsVisible = 0;
			defaultConfigurationName = Release;
		};
		DF67712D1A8B03BF007433C0 /* Build configuration list for PBXNativeTarget "MTransit" */ = {
			isa = XCConfigurationList;
			buildConfigurations = (
				DF67712E1A8B03BF007433C0 /* Debug */,
				DF67712F1A8B03BF007433C0 /* Release */,
			);
			defaultConfigurationIsVisible = 0;
			defaultConfigurationName = Release;
		};
		DF6771301A8B03BF007433C0 /* Build configuration list for PBXNativeTarget "MTransitTests" */ = {
			isa = XCConfigurationList;
			buildConfigurations = (
				DF6771311A8B03BF007433C0 /* Debug */,
				DF6771321A8B03BF007433C0 /* Release */,
			);
			defaultConfigurationIsVisible = 0;
			defaultConfigurationName = Release;
		};
/* End XCConfigurationList section */
	};
	rootObject = DF6771021A8B03BF007433C0 /* Project object */;
}
